
Microsoft Visual Studio Solution File, Format Version 12.00
# Visual Studio Version 17
VisualStudioVersion = 17.5.002.0
MinimumVisualStudioVersion = 10.0.40219.1
Project("{9A19103F-16F7-4668-BE54-9A1E7A4F7556}") = "AvaloniaDpiIssue", "AvaloniaDpiIssue.csproj", "{CE5F64BD-84A6-456E-9392-32EC6372705F}"
EndProject
Global
	GlobalSection(SolutionConfigurationPlatforms) = preSolution
		Debug|Any CPU = Debug|Any CPU
		Release|Any CPU = Release|Any CPU
	EndGlobalSection
	GlobalSection(ProjectConfigurationPlatforms) = postSolution
		{CE5F64BD-84A6-456E-9392-32EC6372705F}.Debug|Any CPU.ActiveCfg = Debug|Any CPU
		{CE5F64BD-84A6-456E-9392-32EC6372705F}.Debug|Any CPU.Build.0 = Debug|Any CPU
		{CE5F64BD-84A6-456E-9392-32EC6372705F}.Release|Any CPU.ActiveCfg = Release|Any CPU
		{CE5F64BD-84A6-456E-9392-32EC6372705F}.Release|Any CPU.Build.0 = Release|Any CPU
	EndGlobalSection
	GlobalSection(SolutionProperties) = preSolution
		HideSolutionNode = FALSE
	EndGlobalSection
	GlobalSection(ExtensibilityGlobals) = postSolution
		SolutionGuid = {EC63CA8E-96E5-4648-A936-7C64901797EF}
	EndGlobalSection
EndGlobal
